// !$*UTF8*$!
{
	archiveVersion = 1;
	classes = {
	};
	objectVersion = 46;
	objects = {

/* Begin PBXBuildFile section */
		8214FD531761242100D2FDBE /* UserCredential.m in Sources */ = {isa = PBXBuildFile; fileRef = 8214FD521761242100D2FDBE /* UserCredential.m */; };
		821ABD7817611D20009D246F /* LoginWindowController.m in Sources */ = {isa = PBXBuildFile; fileRef = 821ABD7717611D20009D246F /* LoginWindowController.m */; };
		821ABD7A17611D2F009D246F /* LoginWindow.xib in Resources */ = {isa = PBXBuildFile; fileRef = 821ABD7917611D2F009D246F /* LoginWindow.xib */; };
		82D8B1291760FEB5007EE1D2 /* AppKit.framework in Frameworks */ = {isa = PBXBuildFile; fileRef = 82D8B1281760FEB5007EE1D2 /* AppKit.framework */; };
		82D8B12B1760FEB5007EE1D2 /* Foundation.framework in Frameworks */ = {isa = PBXBuildFile; fileRef = 82D8B12A1760FEB5007EE1D2 /* Foundation.framework */; };
		82D8B1311760FEB5007EE1D2 /* InfoPlist.strings in Resources */ = {isa = PBXBuildFile; fileRef = 82D8B12F1760FEB5007EE1D2 /* InfoPlist.strings */; };
		82D8B1341760FEB5007EE1D2 /* GisterPost.m in Sources */ = {isa = PBXBuildFile; fileRef = 82D8B1331760FEB5007EE1D2 /* GisterPost.m */; };
/* End PBXBuildFile section */

/* Begin PBXFileReference section */
		8214FD501761232600D2FDBE /* LoginProtocol.h */ = {isa = PBXFileReference; lastKnownFileType = sourcecode.c.h; path = LoginProtocol.h; sourceTree = "<group>"; };
		8214FD511761242100D2FDBE /* UserCredential.h */ = {isa = PBXFileReference; fileEncoding = 4; lastKnownFileType = sourcecode.c.h; path = UserCredential.h; sourceTree = "<group>"; };
		8214FD521761242100D2FDBE /* UserCredential.m */ = {isa = PBXFileReference; fileEncoding = 4; lastKnownFileType = sourcecode.c.objc; path = UserCredential.m; sourceTree = "<group>"; };
		821ABD7617611D20009D246F /* LoginWindowController.h */ = {isa = PBXFileReference; fileEncoding = 4; lastKnownFileType = sourcecode.c.h; path = LoginWindowController.h; sourceTree = "<group>"; };
		821ABD7717611D20009D246F /* LoginWindowController.m */ = {isa = PBXFileReference; fileEncoding = 4; lastKnownFileType = sourcecode.c.objc; path = LoginWindowController.m; sourceTree = "<group>"; };
		821ABD7917611D2F009D246F /* LoginWindow.xib */ = {isa = PBXFileReference; fileEncoding = 4; lastKnownFileType = file.xib; path = LoginWindow.xib; sourceTree = "<group>"; };
		82D8B1251760FEB5007EE1D2 /* GisterPost.xcplugin */ = {isa = PBXFileReference; explicitFileType = wrapper.cfbundle; includeInIndex = 0; path = GisterPost.xcplugin; sourceTree = BUILT_PRODUCTS_DIR; };
		82D8B1281760FEB5007EE1D2 /* AppKit.framework */ = {isa = PBXFileReference; lastKnownFileType = wrapper.framework; name = AppKit.framework; path = System/Library/Frameworks/AppKit.framework; sourceTree = SDKROOT; };
		82D8B12A1760FEB5007EE1D2 /* Foundation.framework */ = {isa = PBXFileReference; lastKnownFileType = wrapper.framework; name = Foundation.framework; path = System/Library/Frameworks/Foundation.framework; sourceTree = SDKROOT; };
		82D8B12E1760FEB5007EE1D2 /* GisterPost-Info.plist */ = {isa = PBXFileReference; lastKnownFileType = text.plist.xml; path = "GisterPost-Info.plist"; sourceTree = "<group>"; };
		82D8B1301760FEB5007EE1D2 /* en */ = {isa = PBXFileReference; lastKnownFileType = text.plist.strings; name = en; path = en.lproj/InfoPlist.strings; sourceTree = "<group>"; };
		82D8B1321760FEB5007EE1D2 /* GisterPost.h */ = {isa = PBXFileReference; lastKnownFileType = sourcecode.c.h; path = GisterPost.h; sourceTree = "<group>"; };
		82D8B1331760FEB5007EE1D2 /* GisterPost.m */ = {isa = PBXFileReference; lastKnownFileType = sourcecode.c.objc; path = GisterPost.m; sourceTree = "<group>"; };
		82D8B1351760FEB5007EE1D2 /* GisterPost-Prefix.pch */ = {isa = PBXFileReference; lastKnownFileType = sourcecode.c.h; path = "GisterPost-Prefix.pch"; sourceTree = "<group>"; };
/* End PBXFileReference section */

/* Begin PBXFrameworksBuildPhase section */
		82D8B1221760FEB5007EE1D2 /* Frameworks */ = {
			isa = PBXFrameworksBuildPhase;
			buildActionMask = 2147483647;
			files = (
				82D8B1291760FEB5007EE1D2 /* AppKit.framework in Frameworks */,
				82D8B12B1760FEB5007EE1D2 /* Foundation.framework in Frameworks */,
			);
			runOnlyForDeploymentPostprocessing = 0;
		};
/* End PBXFrameworksBuildPhase section */

/* Begin PBXGroup section */
		82D8B11C1760FEB5007EE1D2 = {
			isa = PBXGroup;
			children = (
				82D8B12C1760FEB5007EE1D2 /* GisterPost */,
				82D8B1271760FEB5007EE1D2 /* Frameworks */,
				82D8B1261760FEB5007EE1D2 /* Products */,
			);
			sourceTree = "<group>";
		};
		82D8B1261760FEB5007EE1D2 /* Products */ = {
			isa = PBXGroup;
			children = (
				82D8B1251760FEB5007EE1D2 /* GisterPost.xcplugin */,
			);
			name = Products;
			sourceTree = "<group>";
		};
		82D8B1271760FEB5007EE1D2 /* Frameworks */ = {
			isa = PBXGroup;
			children = (
				82D8B1281760FEB5007EE1D2 /* AppKit.framework */,
				82D8B12A1760FEB5007EE1D2 /* Foundation.framework */,
			);
			name = Frameworks;
			sourceTree = "<group>";
		};
		82D8B12C1760FEB5007EE1D2 /* GisterPost */ = {
			isa = PBXGroup;
			children = (
				82D8B1321760FEB5007EE1D2 /* GisterPost.h */,
				82D8B1331760FEB5007EE1D2 /* GisterPost.m */,
				82D8B12D1760FEB5007EE1D2 /* Supporting Files */,
				821ABD7617611D20009D246F /* LoginWindowController.h */,
				821ABD7717611D20009D246F /* LoginWindowController.m */,
				821ABD7917611D2F009D246F /* LoginWindow.xib */,
				8214FD501761232600D2FDBE /* LoginProtocol.h */,
				8214FD511761242100D2FDBE /* UserCredential.h */,
				8214FD521761242100D2FDBE /* UserCredential.m */,
			);
			path = GisterPost;
			sourceTree = "<group>";
		};
		82D8B12D1760FEB5007EE1D2 /* Supporting Files */ = {
			isa = PBXGroup;
			children = (
				82D8B12E1760FEB5007EE1D2 /* GisterPost-Info.plist */,
				82D8B12F1760FEB5007EE1D2 /* InfoPlist.strings */,
				82D8B1351760FEB5007EE1D2 /* GisterPost-Prefix.pch */,
			);
			name = "Supporting Files";
			sourceTree = "<group>";
		};
/* End PBXGroup section */

/* Begin PBXNativeTarget section */
		82D8B1241760FEB5007EE1D2 /* GisterPost */ = {
			isa = PBXNativeTarget;
			buildConfigurationList = 82D8B1381760FEB5007EE1D2 /* Build configuration list for PBXNativeTarget "GisterPost" */;
			buildPhases = (
				82D8B1211760FEB5007EE1D2 /* Sources */,
				82D8B1221760FEB5007EE1D2 /* Frameworks */,
				82D8B1231760FEB5007EE1D2 /* Resources */,
			);
			buildRules = (
			);
			dependencies = (
			);
			name = GisterPost;
			productName = GisterPost;
			productReference = 82D8B1251760FEB5007EE1D2 /* GisterPost.xcplugin */;
			productType = "com.apple.product-type.bundle";
		};
/* End PBXNativeTarget section */

/* Begin PBXProject section */
		82D8B11D1760FEB5007EE1D2 /* Project object */ = {
			isa = PBXProject;
			attributes = {
				LastUpgradeCheck = 0460;
				ORGANIZATIONNAME = "Thomas Blitz";
			};
			buildConfigurationList = 82D8B1201760FEB5007EE1D2 /* Build configuration list for PBXProject "GisterPost" */;
			compatibilityVersion = "Xcode 3.2";
			developmentRegion = English;
			hasScannedForEncodings = 0;
			knownRegions = (
				en,
			);
			mainGroup = 82D8B11C1760FEB5007EE1D2;
			productRefGroup = 82D8B1261760FEB5007EE1D2 /* Products */;
			projectDirPath = "";
			projectRoot = "";
			targets = (
				82D8B1241760FEB5007EE1D2 /* GisterPost */,
			);
		};
/* End PBXProject section */

/* Begin PBXResourcesBuildPhase section */
		82D8B1231760FEB5007EE1D2 /* Resources */ = {
			isa = PBXResourcesBuildPhase;
			buildActionMask = 2147483647;
			files = (
				82D8B1311760FEB5007EE1D2 /* InfoPlist.strings in Resources */,
				821ABD7A17611D2F009D246F /* LoginWindow.xib in Resources */,
			);
			runOnlyForDeploymentPostprocessing = 0;
		};
/* End PBXResourcesBuildPhase section */

/* Begin PBXSourcesBuildPhase section */
		82D8B1211760FEB5007EE1D2 /* Sources */ = {
			isa = PBXSourcesBuildPhase;
			buildActionMask = 2147483647;
			files = (
				82D8B1341760FEB5007EE1D2 /* GisterPost.m in Sources */,
				821ABD7817611D20009D246F /* LoginWindowController.m in Sources */,
				8214FD531761242100D2FDBE /* UserCredential.m in Sources */,
			);
			runOnlyForDeploymentPostprocessing = 0;
		};
/* End PBXSourcesBuildPhase section */

/* Begin PBXVariantGroup section */
		82D8B12F1760FEB5007EE1D2 /* InfoPlist.strings */ = {
			isa = PBXVariantGroup;
			children = (
				82D8B1301760FEB5007EE1D2 /* en */,
			);
			name = InfoPlist.strings;
			sourceTree = "<group>";
		};
/* End PBXVariantGroup section */

/* Begin XCBuildConfiguration section */
		82D8B1361760FEB5007EE1D2 /* Debug */ = {
			isa = XCBuildConfiguration;
			buildSettings = {
				ALWAYS_SEARCH_USER_PATHS = NO;
				ARCHS = "$(ARCHS_STANDARD_64_BIT)";
				CLANG_CXX_LANGUAGE_STANDARD = "gnu++0x";
				CLANG_CXX_LIBRARY = "libc++";
				CLANG_WARN_CONSTANT_CONVERSION = YES;
				CLANG_WARN_EMPTY_BODY = YES;
				CLANG_WARN_ENUM_CONVERSION = YES;
				CLANG_WARN_INT_CONVERSION = YES;
				CLANG_WARN__DUPLICATE_METHOD_MATCH = YES;
				COPY_PHASE_STRIP = NO;
				GCC_C_LANGUAGE_STANDARD = gnu99;
				GCC_DYNAMIC_NO_PIC = NO;
				GCC_ENABLE_OBJC_EXCEPTIONS = YES;
				GCC_OPTIMIZATION_LEVEL = 0;
				GCC_PREPROCESSOR_DEFINITIONS = (
					"DEBUG=1",
					"$(inherited)",
				);
				GCC_SYMBOLS_PRIVATE_EXTERN = NO;
				GCC_WARN_64_TO_32_BIT_CONVERSION = YES;
				GCC_WARN_ABOUT_RETURN_TYPE = YES;
				GCC_WARN_UNINITIALIZED_AUTOS = YES;
				GCC_WARN_UNUSED_VARIABLE = YES;
				MACOSX_DEPLOYMENT_TARGET = 10.8;
				ONLY_ACTIVE_ARCH = YES;
				SDKROOT = macosx;
			};
			name = Debug;
		};
		82D8B1371760FEB5007EE1D2 /* Release */ = {
			isa = XCBuildConfiguration;
			buildSettings = {
				ALWAYS_SEARCH_USER_PATHS = NO;
				ARCHS = "$(ARCHS_STANDARD_64_BIT)";
				CLANG_CXX_LANGUAGE_STANDARD = "gnu++0x";
				CLANG_CXX_LIBRARY = "libc++";
				CLANG_WARN_CONSTANT_CONVERSION = YES;
				CLANG_WARN_EMPTY_BODY = YES;
				CLANG_WARN_ENUM_CONVERSION = YES;
				CLANG_WARN_INT_CONVERSION = YES;
				CLANG_WARN__DUPLICATE_METHOD_MATCH = YES;
				COPY_PHASE_STRIP = YES;
				DEBUG_INFORMATION_FORMAT = "dwarf-with-dsym";
				GCC_C_LANGUAGE_STANDARD = gnu99;
				GCC_ENABLE_OBJC_EXCEPTIONS = YES;
				GCC_WARN_64_TO_32_BIT_CONVERSION = YES;
				GCC_WARN_ABOUT_RETURN_TYPE = YES;
				GCC_WARN_UNINITIALIZED_AUTOS = YES;
				GCC_WARN_UNUSED_VARIABLE = YES;
				MACOSX_DEPLOYMENT_TARGET = 10.8;
				SDKROOT = macosx;
			};
			name = Release;
		};
		82D8B1391760FEB5007EE1D2 /* Debug */ = {
			isa = XCBuildConfiguration;
			buildSettings = {
				COMBINE_HIDPI_IMAGES = YES;
				DEPLOYMENT_LOCATION = YES;
				DSTROOT = "$(HOME)";
				GCC_ENABLE_OBJC_GC = required;
				GCC_PRECOMPILE_PREFIX_HEADER = YES;
				GCC_PREFIX_HEADER = "GisterPost/GisterPost-Prefix.pch";
				INFOPLIST_FILE = "GisterPost/GisterPost-Info.plist";
				INSTALL_PATH = "/Library/Application Support/Developer/Shared/Xcode/Plug-ins";
				PRODUCT_NAME = "$(TARGET_NAME)";
				WRAPPER_EXTENSION = xcplugin;
			};
			name = Debug;
		};
		82D8B13A1760FEB5007EE1D2 /* Release */ = {
			isa = XCBuildConfiguration;
			buildSettings = {
				COMBINE_HIDPI_IMAGES = YES;
				DEPLOYMENT_LOCATION = YES;
				DSTROOT = "$(HOME)";
				GCC_ENABLE_OBJC_GC = required;
				GCC_PRECOMPILE_PREFIX_HEADER = YES;
				GCC_PREFIX_HEADER = "GisterPost/GisterPost-Prefix.pch";
				INFOPLIST_FILE = "GisterPost/GisterPost-Info.plist";
				INSTALL_PATH = "/Library/Application Support/Developer/Shared/Xcode/Plug-ins";
				PRODUCT_NAME = "$(TARGET_NAME)";
				WRAPPER_EXTENSION = xcplugin;
			};
			name = Release;
		};
/* End XCBuildConfiguration section */

/* Begin XCConfigurationList section */
		82D8B1201760FEB5007EE1D2 /* Build configuration list for PBXProject "GisterPost" */ = {
			isa = XCConfigurationList;
			buildConfigurations = (
				82D8B1361760FEB5007EE1D2 /* Debug */,
				82D8B1371760FEB5007EE1D2 /* Release */,
			);
			defaultConfigurationIsVisible = 0;
			defaultConfigurationName = Release;
		};
		82D8B1381760FEB5007EE1D2 /* Build configuration list for PBXNativeTarget "GisterPost" */ = {
			isa = XCConfigurationList;
			buildConfigurations = (
				82D8B1391760FEB5007EE1D2 /* Debug */,
				82D8B13A1760FEB5007EE1D2 /* Release */,
			);
			defaultConfigurationIsVisible = 0;
			defaultConfigurationName = Release;
		};
/* End XCConfigurationList section */
	};
	rootObject = 82D8B11D1760FEB5007EE1D2 /* Project object */;
}
