// !$*UTF8*$!
{
	archiveVersion = 1;
	classes = {
	};
	objectVersion = 46;
	objects = {

/* Begin PBXBuildFile section */
		82B5FE12176255A300D75994 /* Foundation.framework in Frameworks */ = {isa = PBXBuildFile; fileRef = 82B5FE11176255A300D75994 /* Foundation.framework */; };
		82B5FE15176255A300D75994 /* main.m in Sources */ = {isa = PBXBuildFile; fileRef = 82B5FE14176255A300D75994 /* main.m */; };
		82B5FE19176255A300D75994 /* GisterTests.1 in CopyFiles */ = {isa = PBXBuildFile; fileRef = 82B5FE18176255A300D75994 /* GisterTests.1 */; };
/* End PBXBuildFile section */

/* Begin PBXCopyFilesBuildPhase section */
		82B5FE0C176255A300D75994 /* CopyFiles */ = {
			isa = PBXCopyFilesBuildPhase;
			buildActionMask = 2147483647;
			dstPath = /usr/share/man/man1/;
			dstSubfolderSpec = 0;
			files = (
				82B5FE19176255A300D75994 /* GisterTests.1 in CopyFiles */,
			);
			runOnlyForDeploymentPostprocessing = 1;
		};
/* End PBXCopyFilesBuildPhase section */

/* Begin PBXFileReference section */
		82B5FE0E176255A300D75994 /* GisterTests */ = {isa = PBXFileReference; explicitFileType = "compiled.mach-o.executable"; includeInIndex = 0; path = GisterTests; sourceTree = BUILT_PRODUCTS_DIR; };
		82B5FE11176255A300D75994 /* Foundation.framework */ = {isa = PBXFileReference; lastKnownFileType = wrapper.framework; name = Foundation.framework; path = System/Library/Frameworks/Foundation.framework; sourceTree = SDKROOT; };
		82B5FE14176255A300D75994 /* main.m */ = {isa = PBXFileReference; lastKnownFileType = sourcecode.c.objc; path = main.m; sourceTree = "<group>"; };
		82B5FE17176255A300D75994 /* GisterTests-Prefix.pch */ = {isa = PBXFileReference; lastKnownFileType = sourcecode.c.h; path = "GisterTests-Prefix.pch"; sourceTree = "<group>"; };
		82B5FE18176255A300D75994 /* GisterTests.1 */ = {isa = PBXFileReference; lastKnownFileType = text.man; path = GisterTests.1; sourceTree = "<group>"; };
		82B5FE20176255D800D75994 /* UAReachability.h */ = {isa = PBXFileReference; lastKnownFileType = sourcecode.c.h; name = UAReachability.h; path = ../UAReachability.h; sourceTree = "<group>"; };
		82B5FE21176255D800D75994 /* UAReachability.m */ = {isa = PBXFileReference; lastKnownFileType = sourcecode.c.objc; name = UAReachability.m; path = ../UAReachability.m; sourceTree = "<group>"; };
		82B5FE22176255D800D75994 /* NSData+Base64.h */ = {isa = PBXFileReference; lastKnownFileType = sourcecode.c.h; name = "NSData+Base64.h"; path = "../NSData+Base64.h"; sourceTree = "<group>"; };
		82B5FE23176255D800D75994 /* NSData+Base64.m */ = {isa = PBXFileReference; lastKnownFileType = sourcecode.c.objc; name = "NSData+Base64.m"; path = "../NSData+Base64.m"; sourceTree = "<group>"; };
		82B5FE24176255D800D75994 /* NSInvocation+Blocks.h */ = {isa = PBXFileReference; lastKnownFileType = sourcecode.c.h; name = "NSInvocation+Blocks.h"; path = "../NSInvocation+Blocks.h"; sourceTree = "<group>"; };
		82B5FE25176255D800D75994 /* NSInvocation+Blocks.m */ = {isa = PBXFileReference; lastKnownFileType = sourcecode.c.objc; name = "NSInvocation+Blocks.m"; path = "../NSInvocation+Blocks.m"; sourceTree = "<group>"; };
		82B5FE26176255D800D75994 /* UAGithubEngineConstants.h */ = {isa = PBXFileReference; lastKnownFileType = sourcecode.c.h; name = UAGithubEngineConstants.h; path = ../UAGithubEngineConstants.h; sourceTree = "<group>"; };
		82B5FE27176255D800D75994 /* UAGithubEngineConstants.m */ = {isa = PBXFileReference; lastKnownFileType = sourcecode.c.objc; name = UAGithubEngineConstants.m; path = ../UAGithubEngineConstants.m; sourceTree = "<group>"; };
		82B5FE28176255D800D75994 /* NSString+UAGithubEngineUtilities.h */ = {isa = PBXFileReference; lastKnownFileType = sourcecode.c.h; name = "NSString+UAGithubEngineUtilities.h"; path = "../NSString+UAGithubEngineUtilities.h"; sourceTree = "<group>"; };
		82B5FE29176255D800D75994 /* NSString+UAGithubEngineUtilities.m */ = {isa = PBXFileReference; lastKnownFileType = sourcecode.c.objc; name = "NSString+UAGithubEngineUtilities.m"; path = "../NSString+UAGithubEngineUtilities.m"; sourceTree = "<group>"; };
		82B5FE2A176255D800D75994 /* NSArray+Utilities.h */ = {isa = PBXFileReference; lastKnownFileType = sourcecode.c.h; name = "NSArray+Utilities.h"; path = "../NSArray+Utilities.h"; sourceTree = "<group>"; };
		82B5FE2B176255D800D75994 /* NSArray+Utilities.m */ = {isa = PBXFileReference; lastKnownFileType = sourcecode.c.objc; name = "NSArray+Utilities.m"; path = "../NSArray+Utilities.m"; sourceTree = "<group>"; };
		82B5FE2C176255D800D75994 /* NSString+UUID.h */ = {isa = PBXFileReference; lastKnownFileType = sourcecode.c.h; name = "NSString+UUID.h"; path = "../NSString+UUID.h"; sourceTree = "<group>"; };
		82B5FE2D176255D800D75994 /* NSString+UUID.m */ = {isa = PBXFileReference; lastKnownFileType = sourcecode.c.objc; name = "NSString+UUID.m"; path = "../NSString+UUID.m"; sourceTree = "<group>"; };
		82B5FE2E176255D800D75994 /* UAGithubJSONParser.h */ = {isa = PBXFileReference; lastKnownFileType = sourcecode.c.h; name = UAGithubJSONParser.h; path = ../UAGithubJSONParser.h; sourceTree = "<group>"; };
		82B5FE2F176255D800D75994 /* UAGithubJSONParser.m */ = {isa = PBXFileReference; lastKnownFileType = sourcecode.c.objc; name = UAGithubJSONParser.m; path = ../UAGithubJSONParser.m; sourceTree = "<group>"; };
		82B5FE30176255D800D75994 /* UAGithubURLConnection.h */ = {isa = PBXFileReference; lastKnownFileType = sourcecode.c.h; name = UAGithubURLConnection.h; path = ../UAGithubURLConnection.h; sourceTree = "<group>"; };
		82B5FE31176255D800D75994 /* UAGithubURLConnection.m */ = {isa = PBXFileReference; lastKnownFileType = sourcecode.c.objc; name = UAGithubURLConnection.m; path = ../UAGithubURLConnection.m; sourceTree = "<group>"; };
		82B5FE32176255D800D75994 /* UAGithubEngineRequestTypes.h */ = {isa = PBXFileReference; lastKnownFileType = sourcecode.c.h; name = UAGithubEngineRequestTypes.h; path = ../UAGithubEngineRequestTypes.h; sourceTree = "<group>"; };
		82B5FE33176255D800D75994 /* BTGitHubEngine.h */ = {isa = PBXFileReference; lastKnownFileType = sourcecode.c.h; name = BTGitHubEngine.h; path = ../BTGitHubEngine.h; sourceTree = "<group>"; };
		82B5FE34176255D800D75994 /* BTGitHubEngine.m */ = {isa = PBXFileReference; lastKnownFileType = sourcecode.c.objc; name = BTGitHubEngine.m; path = ../BTGitHubEngine.m; sourceTree = "<group>"; };
/* End PBXFileReference section */

/* Begin PBXFrameworksBuildPhase section */
		82B5FE0B176255A300D75994 /* Frameworks */ = {
			isa = PBXFrameworksBuildPhase;
			buildActionMask = 2147483647;
			files = (
				82B5FE12176255A300D75994 /* Foundation.framework in Frameworks */,
			);
			runOnlyForDeploymentPostprocessing = 0;
		};
/* End PBXFrameworksBuildPhase section */

/* Begin PBXGroup section */
		82B5FE05176255A300D75994 = {
			isa = PBXGroup;
			children = (
				82B5FE1F176255CB00D75994 /* lib */,
				82B5FE13176255A300D75994 /* GisterTests */,
				82B5FE10176255A300D75994 /* Frameworks */,
				82B5FE0F176255A300D75994 /* Products */,
			);
			sourceTree = "<group>";
		};
		82B5FE0F176255A300D75994 /* Products */ = {
			isa = PBXGroup;
			children = (
				82B5FE0E176255A300D75994 /* GisterTests */,
			);
			name = Products;
			sourceTree = "<group>";
		};
		82B5FE10176255A300D75994 /* Frameworks */ = {
			isa = PBXGroup;
			children = (
				82B5FE11176255A300D75994 /* Foundation.framework */,
			);
			name = Frameworks;
			sourceTree = "<group>";
		};
		82B5FE13176255A300D75994 /* GisterTests */ = {
			isa = PBXGroup;
			children = (
				82B5FE20176255D800D75994 /* UAReachability.h */,
				82B5FE21176255D800D75994 /* UAReachability.m */,
				82B5FE22176255D800D75994 /* NSData+Base64.h */,
				82B5FE23176255D800D75994 /* NSData+Base64.m */,
				82B5FE24176255D800D75994 /* NSInvocation+Blocks.h */,
				82B5FE25176255D800D75994 /* NSInvocation+Blocks.m */,
				82B5FE26176255D800D75994 /* UAGithubEngineConstants.h */,
				82B5FE27176255D800D75994 /* UAGithubEngineConstants.m */,
				82B5FE28176255D800D75994 /* NSString+UAGithubEngineUtilities.h */,
				82B5FE29176255D800D75994 /* NSString+UAGithubEngineUtilities.m */,
				82B5FE2A176255D800D75994 /* NSArray+Utilities.h */,
				82B5FE2B176255D800D75994 /* NSArray+Utilities.m */,
				82B5FE2C176255D800D75994 /* NSString+UUID.h */,
				82B5FE2D176255D800D75994 /* NSString+UUID.m */,
				82B5FE2E176255D800D75994 /* UAGithubJSONParser.h */,
				82B5FE2F176255D800D75994 /* UAGithubJSONParser.m */,
				82B5FE30176255D800D75994 /* UAGithubURLConnection.h */,
				82B5FE31176255D800D75994 /* UAGithubURLConnection.m */,
				82B5FE32176255D800D75994 /* UAGithubEngineRequestTypes.h */,
				82B5FE33176255D800D75994 /* BTGitHubEngine.h */,
				82B5FE34176255D800D75994 /* BTGitHubEngine.m */,
				82B5FE14176255A300D75994 /* main.m */,
				82B5FE18176255A300D75994 /* GisterTests.1 */,
				82B5FE16176255A300D75994 /* Supporting Files */,
			);
			path = GisterTests;
			sourceTree = "<group>";
		};
		82B5FE16176255A300D75994 /* Supporting Files */ = {
			isa = PBXGroup;
			children = (
				82B5FE17176255A300D75994 /* GisterTests-Prefix.pch */,
			);
			name = "Supporting Files";
			sourceTree = "<group>";
		};
		82B5FE1F176255CB00D75994 /* lib */ = {
			isa = PBXGroup;
			children = (
			);
			name = lib;
			sourceTree = "<group>";
		};
/* End PBXGroup section */

/* Begin PBXNativeTarget section */
		82B5FE0D176255A300D75994 /* GisterTests */ = {
			isa = PBXNativeTarget;
			buildConfigurationList = 82B5FE1C176255A300D75994 /* Build configuration list for PBXNativeTarget "GisterTests" */;
			buildPhases = (
				82B5FE0A176255A300D75994 /* Sources */,
				82B5FE0B176255A300D75994 /* Frameworks */,
				82B5FE0C176255A300D75994 /* CopyFiles */,
			);
			buildRules = (
			);
			dependencies = (
			);
			name = GisterTests;
			productName = GisterTests;
			productReference = 82B5FE0E176255A300D75994 /* GisterTests */;
			productType = "com.apple.product-type.tool";
		};
/* End PBXNativeTarget section */

/* Begin PBXProject section */
		82B5FE06176255A300D75994 /* Project object */ = {
			isa = PBXProject;
			attributes = {
				LastUpgradeCheck = 0460;
				ORGANIZATIONNAME = "Thomas Blitz";
			};
			buildConfigurationList = 82B5FE09176255A300D75994 /* Build configuration list for PBXProject "GisterTests" */;
			compatibilityVersion = "Xcode 3.2";
			developmentRegion = English;
			hasScannedForEncodings = 0;
			knownRegions = (
				en,
			);
			mainGroup = 82B5FE05176255A300D75994;
			productRefGroup = 82B5FE0F176255A300D75994 /* Products */;
			projectDirPath = "";
			projectRoot = "";
			targets = (
				82B5FE0D176255A300D75994 /* GisterTests */,
			);
		};
/* End PBXProject section */

/* Begin PBXSourcesBuildPhase section */
		82B5FE0A176255A300D75994 /* Sources */ = {
			isa = PBXSourcesBuildPhase;
			buildActionMask = 2147483647;
			files = (
				82B5FE15176255A300D75994 /* main.m in Sources */,
			);
			runOnlyForDeploymentPostprocessing = 0;
		};
/* End PBXSourcesBuildPhase section */

/* Begin XCBuildConfiguration section */
		82B5FE1A176255A300D75994 /* Debug */ = {
			isa = XCBuildConfiguration;
			buildSettings = {
				ALWAYS_SEARCH_USER_PATHS = NO;
				ARCHS = "$(ARCHS_STANDARD_64_BIT)";
				CLANG_CXX_LANGUAGE_STANDARD = "gnu++0x";
				CLANG_CXX_LIBRARY = "libc++";
				CLANG_WARN_CONSTANT_CONVERSION = YES;
				CLANG_WARN_EMPTY_BODY = YES;
				CLANG_WARN_ENUM_CONVERSION = YES;
				CLANG_WARN_INT_CONVERSION = YES;
				CLANG_WARN__DUPLICATE_METHOD_MATCH = YES;
				COPY_PHASE_STRIP = NO;
				GCC_C_LANGUAGE_STANDARD = gnu99;
				GCC_DYNAMIC_NO_PIC = NO;
				GCC_ENABLE_OBJC_EXCEPTIONS = YES;
				GCC_OPTIMIZATION_LEVEL = 0;
				GCC_PREPROCESSOR_DEFINITIONS = (
					"DEBUG=1",
					"$(inherited)",
				);
				GCC_SYMBOLS_PRIVATE_EXTERN = NO;
				GCC_WARN_64_TO_32_BIT_CONVERSION = YES;
				GCC_WARN_ABOUT_RETURN_TYPE = YES;
				GCC_WARN_UNINITIALIZED_AUTOS = YES;
				GCC_WARN_UNUSED_VARIABLE = YES;
				MACOSX_DEPLOYMENT_TARGET = 10.8;
				ONLY_ACTIVE_ARCH = YES;
				SDKROOT = macosx;
			};
			name = Debug;
		};
		82B5FE1B176255A300D75994 /* Release */ = {
			isa = XCBuildConfiguration;
			buildSettings = {
				ALWAYS_SEARCH_USER_PATHS = NO;
				ARCHS = "$(ARCHS_STANDARD_64_BIT)";
				CLANG_CXX_LANGUAGE_STANDARD = "gnu++0x";
				CLANG_CXX_LIBRARY = "libc++";
				CLANG_WARN_CONSTANT_CONVERSION = YES;
				CLANG_WARN_EMPTY_BODY = YES;
				CLANG_WARN_ENUM_CONVERSION = YES;
				CLANG_WARN_INT_CONVERSION = YES;
				CLANG_WARN__DUPLICATE_METHOD_MATCH = YES;
				COPY_PHASE_STRIP = YES;
				DEBUG_INFORMATION_FORMAT = "dwarf-with-dsym";
				GCC_C_LANGUAGE_STANDARD = gnu99;
				GCC_ENABLE_OBJC_EXCEPTIONS = YES;
				GCC_WARN_64_TO_32_BIT_CONVERSION = YES;
				GCC_WARN_ABOUT_RETURN_TYPE = YES;
				GCC_WARN_UNINITIALIZED_AUTOS = YES;
				GCC_WARN_UNUSED_VARIABLE = YES;
				MACOSX_DEPLOYMENT_TARGET = 10.8;
				SDKROOT = macosx;
			};
			name = Release;
		};
		82B5FE1D176255A300D75994 /* Debug */ = {
			isa = XCBuildConfiguration;
			buildSettings = {
				GCC_PRECOMPILE_PREFIX_HEADER = YES;
				GCC_PREFIX_HEADER = "GisterTests/GisterTests-Prefix.pch";
				PRODUCT_NAME = "$(TARGET_NAME)";
			};
			name = Debug;
		};
		82B5FE1E176255A300D75994 /* Release */ = {
			isa = XCBuildConfiguration;
			buildSettings = {
				GCC_PRECOMPILE_PREFIX_HEADER = YES;
				GCC_PREFIX_HEADER = "GisterTests/GisterTests-Prefix.pch";
				PRODUCT_NAME = "$(TARGET_NAME)";
			};
			name = Release;
		};
/* End XCBuildConfiguration section */

/* Begin XCConfigurationList section */
		82B5FE09176255A300D75994 /* Build configuration list for PBXProject "GisterTests" */ = {
			isa = XCConfigurationList;
			buildConfigurations = (
				82B5FE1A176255A300D75994 /* Debug */,
				82B5FE1B176255A300D75994 /* Release */,
			);
			defaultConfigurationIsVisible = 0;
			defaultConfigurationName = Release;
		};
		82B5FE1C176255A300D75994 /* Build configuration list for PBXNativeTarget "GisterTests" */ = {
			isa = XCConfigurationList;
			buildConfigurations = (
				82B5FE1D176255A300D75994 /* Debug */,
				82B5FE1E176255A300D75994 /* Release */,
			);
			defaultConfigurationIsVisible = 0;
		};
/* End XCConfigurationList section */
	};
	rootObject = 82B5FE06176255A300D75994 /* Project object */;
}
